
Microsoft Visual Studio Solution File, Format Version 12.00
# Visual Studio Version 17
VisualStudioVersion = 17.3.32804.467
MinimumVisualStudioVersion = 10.0.40219.1
Project("{FAE04EC0-301F-11D3-BF4B-00C04F79EFBC}") = "quiz-backend", "quiz-backend\quiz-backend.csproj", "{1CCFB31B-D3B6-47ED-969C-B80272DA6521}"
EndProject
Project("{FAE04EC0-301F-11D3-BF4B-00C04F79EFBC}") = "quiz-core", "quiz-core\quiz-core.csproj", "{B52F12CC-0803-406D-AE98-95FA706899D1}"
EndProject
Global
	GlobalSection(SolutionConfigurationPlatforms) = preSolution
		Debug|Any CPU = Debug|Any CPU
		Release|Any CPU = Release|Any CPU
	EndGlobalSection
	GlobalSection(ProjectConfigurationPlatforms) = postSolution
		{1CCFB31B-D3B6-47ED-969C-B80272DA6521}.Debug|Any CPU.ActiveCfg = Debug|Any CPU
		{1CCFB31B-D3B6-47ED-969C-B80272DA6521}.Debug|Any CPU.Build.0 = Debug|Any CPU
		{1CCFB31B-D3B6-47ED-969C-B80272DA6521}.Release|Any CPU.ActiveCfg = Release|Any CPU
		{1CCFB31B-D3B6-47ED-969C-B80272DA6521}.Release|Any CPU.Build.0 = Release|Any CPU
		{B52F12CC-0803-406D-AE98-95FA706899D1}.Debug|Any CPU.ActiveCfg = Debug|Any CPU
		{B52F12CC-0803-406D-AE98-95FA706899D1}.Debug|Any CPU.Build.0 = Debug|Any CPU
		{B52F12CC-0803-406D-AE98-95FA706899D1}.Release|Any CPU.ActiveCfg = Release|Any CPU
		{B52F12CC-0803-406D-AE98-95FA706899D1}.Release|Any CPU.Build.0 = Release|Any CPU
	EndGlobalSection
	GlobalSection(SolutionProperties) = preSolution
		HideSolutionNode = FALSE
	EndGlobalSection
	GlobalSection(ExtensibilityGlobals) = postSolution
		SolutionGuid = {0B06BCBB-2AD3-4E5A-951C-CC186C06E38E}
	EndGlobalSection
EndGlobal
